
Microsoft Visual Studio Solution File, Format Version 12.00
# Visual Studio 15
VisualStudioVersion = 15.0.26124.0
MinimumVisualStudioVersion = 15.0.26124.0
Project("{FAE04EC0-301F-11D3-BF4B-00C04F79EFBC}") = "Domain", "Domain\Domain.csproj", "{90CE8145-F229-41CD-8F1F-6F8138C4C6D3}"
EndProject
Project("{FAE04EC0-301F-11D3-BF4B-00C04F79EFBC}") = "Persistence", "Persistence\Persistence.csproj", "{84C57257-FEA0-4774-8DBC-451EF2EF286E}"
EndProject
Project("{FAE04EC0-301F-11D3-BF4B-00C04F79EFBC}") = "Application", "Application\Application.csproj", "{A5E5111C-DB67-47C5-85C9-F7C2ADB4EEE2}"
EndProject
Project("{FAE04EC0-301F-11D3-BF4B-00C04F79EFBC}") = "API", "API\API.csproj", "{0020AF8E-5927-4047-AB45-A6DDC14B5710}"
EndProject
Global
	GlobalSection(SolutionConfigurationPlatforms) = preSolution
		Debug|Any CPU = Debug|Any CPU
		Debug|x64 = Debug|x64
		Debug|x86 = Debug|x86
		Release|Any CPU = Release|Any CPU
		Release|x64 = Release|x64
		Release|x86 = Release|x86
	EndGlobalSection
	GlobalSection(SolutionProperties) = preSolution
		HideSolutionNode = FALSE
	EndGlobalSection
	GlobalSection(ProjectConfigurationPlatforms) = postSolution
		{90CE8145-F229-41CD-8F1F-6F8138C4C6D3}.Debug|Any CPU.ActiveCfg = Debug|Any CPU
		{90CE8145-F229-41CD-8F1F-6F8138C4C6D3}.Debug|Any CPU.Build.0 = Debug|Any CPU
		{90CE8145-F229-41CD-8F1F-6F8138C4C6D3}.Debug|x64.ActiveCfg = Debug|Any CPU
		{90CE8145-F229-41CD-8F1F-6F8138C4C6D3}.Debug|x64.Build.0 = Debug|Any CPU
		{90CE8145-F229-41CD-8F1F-6F8138C4C6D3}.Debug|x86.ActiveCfg = Debug|Any CPU
		{90CE8145-F229-41CD-8F1F-6F8138C4C6D3}.Debug|x86.Build.0 = Debug|Any CPU
		{90CE8145-F229-41CD-8F1F-6F8138C4C6D3}.Release|Any CPU.ActiveCfg = Release|Any CPU
		{90CE8145-F229-41CD-8F1F-6F8138C4C6D3}.Release|Any CPU.Build.0 = Release|Any CPU
		{90CE8145-F229-41CD-8F1F-6F8138C4C6D3}.Release|x64.ActiveCfg = Release|Any CPU
		{90CE8145-F229-41CD-8F1F-6F8138C4C6D3}.Release|x64.Build.0 = Release|Any CPU
		{90CE8145-F229-41CD-8F1F-6F8138C4C6D3}.Release|x86.ActiveCfg = Release|Any CPU
		{90CE8145-F229-41CD-8F1F-6F8138C4C6D3}.Release|x86.Build.0 = Release|Any CPU
		{84C57257-FEA0-4774-8DBC-451EF2EF286E}.Debug|Any CPU.ActiveCfg = Debug|Any CPU
		{84C57257-FEA0-4774-8DBC-451EF2EF286E}.Debug|Any CPU.Build.0 = Debug|Any CPU
		{84C57257-FEA0-4774-8DBC-451EF2EF286E}.Debug|x64.ActiveCfg = Debug|Any CPU
		{84C57257-FEA0-4774-8DBC-451EF2EF286E}.Debug|x64.Build.0 = Debug|Any CPU
		{84C57257-FEA0-4774-8DBC-451EF2EF286E}.Debug|x86.ActiveCfg = Debug|Any CPU
		{84C57257-FEA0-4774-8DBC-451EF2EF286E}.Debug|x86.Build.0 = Debug|Any CPU
		{84C57257-FEA0-4774-8DBC-451EF2EF286E}.Release|Any CPU.ActiveCfg = Release|Any CPU
		{84C57257-FEA0-4774-8DBC-451EF2EF286E}.Release|Any CPU.Build.0 = Release|Any CPU
		{84C57257-FEA0-4774-8DBC-451EF2EF286E}.Release|x64.ActiveCfg = Release|Any CPU
		{84C57257-FEA0-4774-8DBC-451EF2EF286E}.Release|x64.Build.0 = Release|Any CPU
		{84C57257-FEA0-4774-8DBC-451EF2EF286E}.Release|x86.ActiveCfg = Release|Any CPU
		{84C57257-FEA0-4774-8DBC-451EF2EF286E}.Release|x86.Build.0 = Release|Any CPU
		{A5E5111C-DB67-47C5-85C9-F7C2ADB4EEE2}.Debug|Any CPU.ActiveCfg = Debug|Any CPU
		{A5E5111C-DB67-47C5-85C9-F7C2ADB4EEE2}.Debug|Any CPU.Build.0 = Debug|Any CPU
		{A5E5111C-DB67-47C5-85C9-F7C2ADB4EEE2}.Debug|x64.ActiveCfg = Debug|Any CPU
		{A5E5111C-DB67-47C5-85C9-F7C2ADB4EEE2}.Debug|x64.Build.0 = Debug|Any CPU
		{A5E5111C-DB67-47C5-85C9-F7C2ADB4EEE2}.Debug|x86.ActiveCfg = Debug|Any CPU
		{A5E5111C-DB67-47C5-85C9-F7C2ADB4EEE2}.Debug|x86.Build.0 = Debug|Any CPU
		{A5E5111C-DB67-47C5-85C9-F7C2ADB4EEE2}.Release|Any CPU.ActiveCfg = Release|Any CPU
		{A5E5111C-DB67-47C5-85C9-F7C2ADB4EEE2}.Release|Any CPU.Build.0 = Release|Any CPU
		{A5E5111C-DB67-47C5-85C9-F7C2ADB4EEE2}.Release|x64.ActiveCfg = Release|Any CPU
		{A5E5111C-DB67-47C5-85C9-F7C2ADB4EEE2}.Release|x64.Build.0 = Release|Any CPU
		{A5E5111C-DB67-47C5-85C9-F7C2ADB4EEE2}.Release|x86.ActiveCfg = Release|Any CPU
		{A5E5111C-DB67-47C5-85C9-F7C2ADB4EEE2}.Release|x86.Build.0 = Release|Any CPU
		{0020AF8E-5927-4047-AB45-A6DDC14B5710}.Debug|Any CPU.ActiveCfg = Debug|Any CPU
		{0020AF8E-5927-4047-AB45-A6DDC14B5710}.Debug|Any CPU.Build.0 = Debug|Any CPU
		{0020AF8E-5927-4047-AB45-A6DDC14B5710}.Debug|x64.ActiveCfg = Debug|Any CPU
		{0020AF8E-5927-4047-AB45-A6DDC14B5710}.Debug|x64.Build.0 = Debug|Any CPU
		{0020AF8E-5927-4047-AB45-A6DDC14B5710}.Debug|x86.ActiveCfg = Debug|Any CPU
		{0020AF8E-5927-4047-AB45-A6DDC14B5710}.Debug|x86.Build.0 = Debug|Any CPU
		{0020AF8E-5927-4047-AB45-A6DDC14B5710}.Release|Any CPU.ActiveCfg = Release|Any CPU
		{0020AF8E-5927-4047-AB45-A6DDC14B5710}.Release|Any CPU.Build.0 = Release|Any CPU
		{0020AF8E-5927-4047-AB45-A6DDC14B5710}.Release|x64.ActiveCfg = Release|Any CPU
		{0020AF8E-5927-4047-AB45-A6DDC14B5710}.Release|x64.Build.0 = Release|Any CPU
		{0020AF8E-5927-4047-AB45-A6DDC14B5710}.Release|x86.ActiveCfg = Release|Any CPU
		{0020AF8E-5927-4047-AB45-A6DDC14B5710}.Release|x86.Build.0 = Release|Any CPU
	EndGlobalSection
EndGlobal
